{
  "name": "quill",
  "version": "1.0.0",
  "lockfileVersion": 1,
  "requires": true,
  "dependencies": {
    "color": {
      "version": "3.0.0",
      "resolved": "https://registry.npmjs.org/color/-/color-3.0.0.tgz",
      "integrity": "sha512-jCpd5+s0s0t7p3pHQKpnJ0TpQKKdleP71LWcA0aqiljpiuAkOSUFN/dyH8ZwF0hRmFlrIuRhufds1QyEP9EB+w==",
      "requires": {
        "color-convert": "^1.9.1",
        "color-string": "^1.5.2"
      }
    },
    "color-convert": {
      "version": "1.9.2",
      "resolved": "https://registry.npmjs.org/color-convert/-/color-convert-1.9.2.tgz",
      "integrity": "sha512-3NUJZdhMhcdPn8vJ9v2UQJoH0qqoGUkYTgFEPZaPjEtwmmKUfNV46zZmgB2M5M4DCEQHMaCfWHCxiBflLm04Tg==",
      "requires": {
        "color-name": "1.1.1"
      }
    },
    "color-name": {
      "version": "1.1.1",
      "resolved": "https://registry.npmjs.org/color-name/-/color-name-1.1.1.tgz",
      "integrity": "sha1-SxQVMEz1ACjqgWQ2Q72C6gWANok="
    },
    "color-string": {
      "version": "1.5.2",
      "resolved": "https://registry.npmjs.org/color-string/-/color-string-1.5.2.tgz",
      "integrity": "sha1-JuRYFLw8mny9Z1FkikFDRRSnc6k=",
      "requires": {
        "color-name": "^1.0.0",
        "simple-swizzle": "^0.2.2"
      }
    },
    "elementary": {
      "version": "github:cyclonic-games/elementary#54f8c7455ff9642c2f7994197b4340780afd43ac",
      "from": "github:cyclonic-games/elementary",
      "requires": {
        "quark": "github:cyclonic-games/quark#f3e5b87b4950d69b277f4e6af0dbee2fa0aa3f3e"
      }
    },
    "material-design-icons": {
      "version": "3.0.1",
      "resolved": "https://registry.npmjs.org/material-design-icons/-/material-design-icons-3.0.1.tgz",
      "integrity": "sha1-mnHEh0chjrylHlGmbaaCA4zct78="
    },
    "norway": {
      "version": "github:cyclonic-games/norway#c4fc398d40810b7fb69698163a509fc511821afd",
      "from": "github:cyclonic-games/norway",
      "requires": {
        "color": "^3.0.0",
        "elementary": "github:cyclonic-games/elementary#54f8c7455ff9642c2f7994197b4340780afd43ac",
        "material-design-icons": "^3.0.1",
        "quantum": "github:cyclonic-games/quantum#2eadb77f0f0aa94792046ce0309d2213f706dcda",
        "quark": "github:cyclonic-games/quark#f3e5b87b4950d69b277f4e6af0dbee2fa0aa3f3e",
        "webfontloader": "^1.6.28"
      }
    },
    "quantum": {
      "version": "github:cyclonic-games/quantum#2eadb77f0f0aa94792046ce0309d2213f706dcda",
      "from": "github:cyclonic-games/quantum"
    },
    "quark": {
      "version": "github:cyclonic-games/quark#f3e5b87b4950d69b277f4e6af0dbee2fa0aa3f3e",
      "from": "github:cyclonic-games/quark"
    },
    "simple-swizzle": {
      "version": "0.2.2",
      "resolved": "https://registry.npmjs.org/simple-swizzle/-/simple-swizzle-0.2.2.tgz",
      "integrity": "sha1-pNprY1/8zMoz9w0Xy5JZLeleVXo=",
      "requires": {
        "is-arrayish": "^0.3.1"
      },
      "dependencies": {
        "is-arrayish": {
          "version": "0.3.2",
          "resolved": "https://registry.npmjs.org/is-arrayish/-/is-arrayish-0.3.2.tgz",
          "integrity": "sha512-eVRqCvVlZbuw3GrM63ovNSNAeA1K16kaR/LRY/92w0zxQ5/1YzwblUX652i4Xs9RwAGjW9d9y6X88t8OaAJfWQ=="
        }
      }
    },
    "webfontloader": {
      "version": "1.6.28",
      "resolved": "https://registry.npmjs.org/webfontloader/-/webfontloader-1.6.28.tgz",
      "integrity": "sha1-23hhKSU8tujq5UwvsF+HCvZnW64="
    }
  }
}
